
Microsoft Visual Studio Solution File, Format Version 12.00
# Visual Studio Version 17
VisualStudioVersion = 17.0.32014.148
MinimumVisualStudioVersion = 10.0.40219.1
Project("{FAE04EC0-301F-11D3-BF4B-00C04F79EFBC}") = "WebApplication1", "WebApplication1\WebApplication1.csproj", "{9A3B9C0A-15F8-4061-8A46-B8ABAD761CF1}"
EndProject
Project("{FAE04EC0-301F-11D3-BF4B-00C04F79EFBC}") = "TestProject1", "TestProject1\TestProject1.csproj", "{5797378A-DC32-414C-9F68-874CB6DF2D24}"
EndProject
Global
	GlobalSection(SolutionConfigurationPlatforms) = preSolution
		Debug|Any CPU = Debug|Any CPU
		Release|Any CPU = Release|Any CPU
	EndGlobalSection
	GlobalSection(ProjectConfigurationPlatforms) = postSolution
		{9A3B9C0A-15F8-4061-8A46-B8ABAD761CF1}.Debug|Any CPU.ActiveCfg = Debug|Any CPU
		{9A3B9C0A-15F8-4061-8A46-B8ABAD761CF1}.Debug|Any CPU.Build.0 = Debug|Any CPU
		{9A3B9C0A-15F8-4061-8A46-B8ABAD761CF1}.Release|Any CPU.ActiveCfg = Release|Any CPU
		{9A3B9C0A-15F8-4061-8A46-B8ABAD761CF1}.Release|Any CPU.Build.0 = Release|Any CPU
		{5797378A-DC32-414C-9F68-874CB6DF2D24}.Debug|Any CPU.ActiveCfg = Debug|Any CPU
		{5797378A-DC32-414C-9F68-874CB6DF2D24}.Debug|Any CPU.Build.0 = Debug|Any CPU
		{5797378A-DC32-414C-9F68-874CB6DF2D24}.Release|Any CPU.ActiveCfg = Release|Any CPU
		{5797378A-DC32-414C-9F68-874CB6DF2D24}.Release|Any CPU.Build.0 = Release|Any CPU
	EndGlobalSection
	GlobalSection(SolutionProperties) = preSolution
		HideSolutionNode = FALSE
	EndGlobalSection
	GlobalSection(ExtensibilityGlobals) = postSolution
		SolutionGuid = {0A8098BC-5091-41F9-BD6A-A2EE748E2F69}
	EndGlobalSection
EndGlobal
